// !$*UTF8*$!
{
	archiveVersion = 1;
	classes = {
	};
	objectVersion = 56;
	objects = {

/* Begin PBXBuildFile section */
		B897F8912C63F14700C80D88 /* weatherApp.swift in Sources */ = {isa = PBXBuildFile; fileRef = B897F8902C63F14700C80D88 /* weatherApp.swift */; };
		B897F8932C63F14700C80D88 /* ContentView.swift in Sources */ = {isa = PBXBuildFile; fileRef = B897F8922C63F14700C80D88 /* ContentView.swift */; };
		B897F8952C63F14900C80D88 /* Assets.xcassets in Resources */ = {isa = PBXBuildFile; fileRef = B897F8942C63F14900C80D88 /* Assets.xcassets */; };
		B897F8982C63F14900C80D88 /* Preview Assets.xcassets in Resources */ = {isa = PBXBuildFile; fileRef = B897F8972C63F14900C80D88 /* Preview Assets.xcassets */; };
		B897F8A22C63F14900C80D88 /* weatherTests.swift in Sources */ = {isa = PBXBuildFile; fileRef = B897F8A12C63F14900C80D88 /* weatherTests.swift */; };
		B897F8AC2C63F14900C80D88 /* weatherUITests.swift in Sources */ = {isa = PBXBuildFile; fileRef = B897F8AB2C63F14900C80D88 /* weatherUITests.swift */; };
		B897F8AE2C63F14900C80D88 /* weatherUITestsLaunchTests.swift in Sources */ = {isa = PBXBuildFile; fileRef = B897F8AD2C63F14900C80D88 /* weatherUITestsLaunchTests.swift */; };
		B897F8C42C64025500C80D88 /* ForecastView.swift in Sources */ = {isa = PBXBuildFile; fileRef = B897F8C32C64025500C80D88 /* ForecastView.swift */; };
		B897F8C62C64026900C80D88 /* LoveCitiesView.swift in Sources */ = {isa = PBXBuildFile; fileRef = B897F8C52C64026900C80D88 /* LoveCitiesView.swift */; };
		B8C11D0B2C64DA7D00C091C4 /* SearchView.swift in Sources */ = {isa = PBXBuildFile; fileRef = B8C11D0A2C64DA7D00C091C4 /* SearchView.swift */; };
/* End PBXBuildFile section */

/* Begin PBXContainerItemProxy section */
		B897F89E2C63F14900C80D88 /* PBXContainerItemProxy */ = {
			isa = PBXContainerItemProxy;
			containerPortal = B897F8852C63F14700C80D88 /* Project object */;
			proxyType = 1;
			remoteGlobalIDString = B897F88C2C63F14700C80D88;
			remoteInfo = weather;
		};
		B897F8A82C63F14900C80D88 /* PBXContainerItemProxy */ = {
			isa = PBXContainerItemProxy;
			containerPortal = B897F8852C63F14700C80D88 /* Project object */;
			proxyType = 1;
			remoteGlobalIDString = B897F88C2C63F14700C80D88;
			remoteInfo = weather;
		};
/* End PBXContainerItemProxy section */

/* Begin PBXFileReference section */
		B897F88D2C63F14700C80D88 /* weather.app */ = {isa = PBXFileReference; explicitFileType = wrapper.application; includeInIndex = 0; path = weather.app; sourceTree = BUILT_PRODUCTS_DIR; };
		B897F8902C63F14700C80D88 /* weatherApp.swift */ = {isa = PBXFileReference; lastKnownFileType = sourcecode.swift; path = weatherApp.swift; sourceTree = "<group>"; };
		B897F8922C63F14700C80D88 /* ContentView.swift */ = {isa = PBXFileReference; lastKnownFileType = sourcecode.swift; path = ContentView.swift; sourceTree = "<group>"; };
		B897F8942C63F14900C80D88 /* Assets.xcassets */ = {isa = PBXFileReference; lastKnownFileType = folder.assetcatalog; path = Assets.xcassets; sourceTree = "<group>"; };
		B897F8972C63F14900C80D88 /* Preview Assets.xcassets */ = {isa = PBXFileReference; lastKnownFileType = folder.assetcatalog; path = "Preview Assets.xcassets"; sourceTree = "<group>"; };
		B897F89D2C63F14900C80D88 /* weatherTests.xctest */ = {isa = PBXFileReference; explicitFileType = wrapper.cfbundle; includeInIndex = 0; path = weatherTests.xctest; sourceTree = BUILT_PRODUCTS_DIR; };
		B897F8A12C63F14900C80D88 /* weatherTests.swift */ = {isa = PBXFileReference; lastKnownFileType = sourcecode.swift; path = weatherTests.swift; sourceTree = "<group>"; };
		B897F8A72C63F14900C80D88 /* weatherUITests.xctest */ = {isa = PBXFileReference; explicitFileType = wrapper.cfbundle; includeInIndex = 0; path = weatherUITests.xctest; sourceTree = BUILT_PRODUCTS_DIR; };
		B897F8AB2C63F14900C80D88 /* weatherUITests.swift */ = {isa = PBXFileReference; lastKnownFileType = sourcecode.swift; path = weatherUITests.swift; sourceTree = "<group>"; };
		B897F8AD2C63F14900C80D88 /* weatherUITestsLaunchTests.swift */ = {isa = PBXFileReference; lastKnownFileType = sourcecode.swift; path = weatherUITestsLaunchTests.swift; sourceTree = "<group>"; };
		B897F8C32C64025500C80D88 /* ForecastView.swift */ = {isa = PBXFileReference; lastKnownFileType = sourcecode.swift; path = ForecastView.swift; sourceTree = "<group>"; };
		B897F8C52C64026900C80D88 /* LoveCitiesView.swift */ = {isa = PBXFileReference; lastKnownFileType = sourcecode.swift; path = LoveCitiesView.swift; sourceTree = "<group>"; };
		B8C11D0A2C64DA7D00C091C4 /* SearchView.swift */ = {isa = PBXFileReference; lastKnownFileType = sourcecode.swift; path = SearchView.swift; sourceTree = "<group>"; };
/* End PBXFileReference section */

/* Begin PBXFrameworksBuildPhase section */
		B897F88A2C63F14700C80D88 /* Frameworks */ = {
			isa = PBXFrameworksBuildPhase;
			buildActionMask = 2147483647;
			files = (
			);
			runOnlyForDeploymentPostprocessing = 0;
		};
		B897F89A2C63F14900C80D88 /* Frameworks */ = {
			isa = PBXFrameworksBuildPhase;
			buildActionMask = 2147483647;
			files = (
			);
			runOnlyForDeploymentPostprocessing = 0;
		};
		B897F8A42C63F14900C80D88 /* Frameworks */ = {
			isa = PBXFrameworksBuildPhase;
			buildActionMask = 2147483647;
			files = (
			);
			runOnlyForDeploymentPostprocessing = 0;
		};
/* End PBXFrameworksBuildPhase section */

/* Begin PBXGroup section */
		B897F8842C63F14700C80D88 = {
			isa = PBXGroup;
			children = (
				B897F88F2C63F14700C80D88 /* weather */,
				B897F8A02C63F14900C80D88 /* weatherTests */,
				B897F8AA2C63F14900C80D88 /* weatherUITests */,
				B897F88E2C63F14700C80D88 /* Products */,
			);
			sourceTree = "<group>";
		};
		B897F88E2C63F14700C80D88 /* Products */ = {
			isa = PBXGroup;
			children = (
				B897F88D2C63F14700C80D88 /* weather.app */,
				B897F89D2C63F14900C80D88 /* weatherTests.xctest */,
				B897F8A72C63F14900C80D88 /* weatherUITests.xctest */,
			);
			name = Products;
			sourceTree = "<group>";
		};
		B897F88F2C63F14700C80D88 /* weather */ = {
			isa = PBXGroup;
			children = (
				B8C11D072C64DA0600C091C4 /* Views */,
				B8C11D082C64DA1000C091C4 /* ViewModels */,
				B8C11D092C64DA3D00C091C4 /* Models */,
				B897F8902C63F14700C80D88 /* weatherApp.swift */,
				B897F8C32C64025500C80D88 /* ForecastView.swift */,
				B897F8C52C64026900C80D88 /* LoveCitiesView.swift */,
				B897F8922C63F14700C80D88 /* ContentView.swift */,
				B897F8942C63F14900C80D88 /* Assets.xcassets */,
				B897F8962C63F14900C80D88 /* Preview Content */,
			);
			path = weather;
			sourceTree = "<group>";
		};
		B897F8962C63F14900C80D88 /* Preview Content */ = {
			isa = PBXGroup;
			children = (
				B897F8972C63F14900C80D88 /* Preview Assets.xcassets */,
			);
			path = "Preview Content";
			sourceTree = "<group>";
		};
		B897F8A02C63F14900C80D88 /* weatherTests */ = {
			isa = PBXGroup;
			children = (
				B897F8A12C63F14900C80D88 /* weatherTests.swift */,
			);
			path = weatherTests;
			sourceTree = "<group>";
		};
		B897F8AA2C63F14900C80D88 /* weatherUITests */ = {
			isa = PBXGroup;
			children = (
				B897F8AB2C63F14900C80D88 /* weatherUITests.swift */,
				B897F8AD2C63F14900C80D88 /* weatherUITestsLaunchTests.swift */,
			);
			path = weatherUITests;
			sourceTree = "<group>";
		};
		B8C11D072C64DA0600C091C4 /* Views */ = {
			isa = PBXGroup;
			children = (
				B8C11D0A2C64DA7D00C091C4 /* SearchView.swift */,
			);
			path = Views;
			sourceTree = "<group>";
		};
		B8C11D082C64DA1000C091C4 /* ViewModels */ = {
			isa = PBXGroup;
			children = (
			);
			path = ViewModels;
			sourceTree = "<group>";
		};
		B8C11D092C64DA3D00C091C4 /* Models */ = {
			isa = PBXGroup;
			children = (
			);
			path = Models;
			sourceTree = "<group>";
		};
/* End PBXGroup section */

/* Begin PBXNativeTarget section */
		B897F88C2C63F14700C80D88 /* weather */ = {
			isa = PBXNativeTarget;
			buildConfigurationList = B897F8B12C63F14900C80D88 /* Build configuration list for PBXNativeTarget "weather" */;
			buildPhases = (
				B897F8892C63F14700C80D88 /* Sources */,
				B897F88A2C63F14700C80D88 /* Frameworks */,
				B897F88B2C63F14700C80D88 /* Resources */,
			);
			buildRules = (
			);
			dependencies = (
			);
			name = weather;
			productName = weather;
			productReference = B897F88D2C63F14700C80D88 /* weather.app */;
			productType = "com.apple.product-type.application";
		};
		B897F89C2C63F14900C80D88 /* weatherTests */ = {
			isa = PBXNativeTarget;
			buildConfigurationList = B897F8B42C63F14900C80D88 /* Build configuration list for PBXNativeTarget "weatherTests" */;
			buildPhases = (
				B897F8992C63F14900C80D88 /* Sources */,
				B897F89A2C63F14900C80D88 /* Frameworks */,
				B897F89B2C63F14900C80D88 /* Resources */,
			);
			buildRules = (
			);
			dependencies = (
				B897F89F2C63F14900C80D88 /* PBXTargetDependency */,
			);
			name = weatherTests;
			productName = weatherTests;
			productReference = B897F89D2C63F14900C80D88 /* weatherTests.xctest */;
			productType = "com.apple.product-type.bundle.unit-test";
		};
		B897F8A62C63F14900C80D88 /* weatherUITests */ = {
			isa = PBXNativeTarget;
			buildConfigurationList = B897F8B72C63F14900C80D88 /* Build configuration list for PBXNativeTarget "weatherUITests" */;
			buildPhases = (
				B897F8A32C63F14900C80D88 /* Sources */,
				B897F8A42C63F14900C80D88 /* Frameworks */,
				B897F8A52C63F14900C80D88 /* Resources */,
			);
			buildRules = (
			);
			dependencies = (
				B897F8A92C63F14900C80D88 /* PBXTargetDependency */,
			);
			name = weatherUITests;
			productName = weatherUITests;
			productReference = B897F8A72C63F14900C80D88 /* weatherUITests.xctest */;
			productType = "com.apple.product-type.bundle.ui-testing";
		};
/* End PBXNativeTarget section */

/* Begin PBXProject section */
		B897F8852C63F14700C80D88 /* Project object */ = {
			isa = PBXProject;
			attributes = {
				BuildIndependentTargetsInParallel = 1;
				LastSwiftUpdateCheck = 1540;
				LastUpgradeCheck = 1540;
				TargetAttributes = {
					B897F88C2C63F14700C80D88 = {
						CreatedOnToolsVersion = 15.4;
					};
					B897F89C2C63F14900C80D88 = {
						CreatedOnToolsVersion = 15.4;
						TestTargetID = B897F88C2C63F14700C80D88;
					};
					B897F8A62C63F14900C80D88 = {
						CreatedOnToolsVersion = 15.4;
						TestTargetID = B897F88C2C63F14700C80D88;
					};
				};
			};
			buildConfigurationList = B897F8882C63F14700C80D88 /* Build configuration list for PBXProject "weather" */;
			compatibilityVersion = "Xcode 14.0";
			developmentRegion = en;
			hasScannedForEncodings = 0;
			knownRegions = (
				en,
				Base,
			);
			mainGroup = B897F8842C63F14700C80D88;
			packageReferences = (
				B897F8BA2C63FC2F00C80D88 /* XCRemoteSwiftPackageReference "Alamofire" */,
				B897F8BB2C63FD2400C80D88 /* XCRemoteSwiftPackageReference "realm-swift" */,
				B897F8BC2C63FDB400C80D88 /* XCRemoteSwiftPackageReference "lottie-ios" */,
			);
			productRefGroup = B897F88E2C63F14700C80D88 /* Products */;
			projectDirPath = "";
			projectRoot = "";
			targets = (
				B897F88C2C63F14700C80D88 /* weather */,
				B897F89C2C63F14900C80D88 /* weatherTests */,
				B897F8A62C63F14900C80D88 /* weatherUITests */,
			);
		};
/* End PBXProject section */

/* Begin PBXResourcesBuildPhase section */
		B897F88B2C63F14700C80D88 /* Resources */ = {
			isa = PBXResourcesBuildPhase;
			buildActionMask = 2147483647;
			files = (
				B897F8982C63F14900C80D88 /* Preview Assets.xcassets in Resources */,
				B897F8952C63F14900C80D88 /* Assets.xcassets in Resources */,
			);
			runOnlyForDeploymentPostprocessing = 0;
		};
		B897F89B2C63F14900C80D88 /* Resources */ = {
			isa = PBXResourcesBuildPhase;
			buildActionMask = 2147483647;
			files = (
			);
			runOnlyForDeploymentPostprocessing = 0;
		};
		B897F8A52C63F14900C80D88 /* Resources */ = {
			isa = PBXResourcesBuildPhase;
			buildActionMask = 2147483647;
			files = (
			);
			runOnlyForDeploymentPostprocessing = 0;
		};
/* End PBXResourcesBuildPhase section */

/* Begin PBXSourcesBuildPhase section */
		B897F8892C63F14700C80D88 /* Sources */ = {
			isa = PBXSourcesBuildPhase;
			buildActionMask = 2147483647;
			files = (
				B8C11D0B2C64DA7D00C091C4 /* SearchView.swift in Sources */,
				B897F8C42C64025500C80D88 /* ForecastView.swift in Sources */,
				B897F8932C63F14700C80D88 /* ContentView.swift in Sources */,
				B897F8C62C64026900C80D88 /* LoveCitiesView.swift in Sources */,
				B897F8912C63F14700C80D88 /* weatherApp.swift in Sources */,
			);
			runOnlyForDeploymentPostprocessing = 0;
		};
		B897F8992C63F14900C80D88 /* Sources */ = {
			isa = PBXSourcesBuildPhase;
			buildActionMask = 2147483647;
			files = (
				B897F8A22C63F14900C80D88 /* weatherTests.swift in Sources */,
			);
			runOnlyForDeploymentPostprocessing = 0;
		};
		B897F8A32C63F14900C80D88 /* Sources */ = {
			isa = PBXSourcesBuildPhase;
			buildActionMask = 2147483647;
			files = (
				B897F8AC2C63F14900C80D88 /* weatherUITests.swift in Sources */,
				B897F8AE2C63F14900C80D88 /* weatherUITestsLaunchTests.swift in Sources */,
			);
			runOnlyForDeploymentPostprocessing = 0;
		};
/* End PBXSourcesBuildPhase section */

/* Begin PBXTargetDependency section */
		B897F89F2C63F14900C80D88 /* PBXTargetDependency */ = {
			isa = PBXTargetDependency;
			target = B897F88C2C63F14700C80D88 /* weather */;
			targetProxy = B897F89E2C63F14900C80D88 /* PBXContainerItemProxy */;
		};
		B897F8A92C63F14900C80D88 /* PBXTargetDependency */ = {
			isa = PBXTargetDependency;
			target = B897F88C2C63F14700C80D88 /* weather */;
			targetProxy = B897F8A82C63F14900C80D88 /* PBXContainerItemProxy */;
		};
/* End PBXTargetDependency section */

/* Begin XCBuildConfiguration section */
		B897F8AF2C63F14900C80D88 /* Debug */ = {
			isa = XCBuildConfiguration;
			buildSettings = {
				ALWAYS_SEARCH_USER_PATHS = NO;
				ASSETCATALOG_COMPILER_GENERATE_SWIFT_ASSET_SYMBOL_EXTENSIONS = YES;
				CLANG_ANALYZER_NONNULL = YES;
				CLANG_ANALYZER_NUMBER_OBJECT_CONVERSION = YES_AGGRESSIVE;
				CLANG_CXX_LANGUAGE_STANDARD = "gnu++20";
				CLANG_ENABLE_MODULES = YES;
				CLANG_ENABLE_OBJC_ARC = YES;
				CLANG_ENABLE_OBJC_WEAK = YES;
				CLANG_WARN_BLOCK_CAPTURE_AUTORELEASING = YES;
				CLANG_WARN_BOOL_CONVERSION = YES;
				CLANG_WARN_COMMA = YES;
				CLANG_WARN_CONSTANT_CONVERSION = YES;
				CLANG_WARN_DEPRECATED_OBJC_IMPLEMENTATIONS = YES;
				CLANG_WARN_DIRECT_OBJC_ISA_USAGE = YES_ERROR;
				CLANG_WARN_DOCUMENTATION_COMMENTS = YES;
				CLANG_WARN_EMPTY_BODY = YES;
				CLANG_WARN_ENUM_CONVERSION = YES;
				CLANG_WARN_INFINITE_RECURSION = YES;
				CLANG_WARN_INT_CONVERSION = YES;
				CLANG_WARN_NON_LITERAL_NULL_CONVERSION = YES;
				CLANG_WARN_OBJC_IMPLICIT_RETAIN_SELF = YES;
				CLANG_WARN_OBJC_LITERAL_CONVERSION = YES;
				CLANG_WARN_OBJC_ROOT_CLASS = YES_ERROR;
				CLANG_WARN_QUOTED_INCLUDE_IN_FRAMEWORK_HEADER = YES;
				CLANG_WARN_RANGE_LOOP_ANALYSIS = YES;
				CLANG_WARN_STRICT_PROTOTYPES = YES;
				CLANG_WARN_SUSPICIOUS_MOVE = YES;
				CLANG_WARN_UNGUARDED_AVAILABILITY = YES_AGGRESSIVE;
				CLANG_WARN_UNREACHABLE_CODE = YES;
				CLANG_WARN__DUPLICATE_METHOD_MATCH = YES;
				COPY_PHASE_STRIP = NO;
				DEBUG_INFORMATION_FORMAT = dwarf;
				ENABLE_STRICT_OBJC_MSGSEND = YES;
				ENABLE_TESTABILITY = YES;
				ENABLE_USER_SCRIPT_SANDBOXING = YES;
				GCC_C_LANGUAGE_STANDARD = gnu17;
				GCC_DYNAMIC_NO_PIC = NO;
				GCC_NO_COMMON_BLOCKS = YES;
				GCC_OPTIMIZATION_LEVEL = 0;
				GCC_PREPROCESSOR_DEFINITIONS = (
					"DEBUG=1",
					"$(inherited)",
				);
				GCC_WARN_64_TO_32_BIT_CONVERSION = YES;
				GCC_WARN_ABOUT_RETURN_TYPE = YES_ERROR;
				GCC_WARN_UNDECLARED_SELECTOR = YES;
				GCC_WARN_UNINITIALIZED_AUTOS = YES_AGGRESSIVE;
				GCC_WARN_UNUSED_FUNCTION = YES;
				GCC_WARN_UNUSED_VARIABLE = YES;
				IPHONEOS_DEPLOYMENT_TARGET = 17.5;
				LOCALIZATION_PREFERS_STRING_CATALOGS = YES;
				MTL_ENABLE_DEBUG_INFO = INCLUDE_SOURCE;
				MTL_FAST_MATH = YES;
				ONLY_ACTIVE_ARCH = YES;
				SDKROOT = iphoneos;
				SWIFT_ACTIVE_COMPILATION_CONDITIONS = "DEBUG $(inherited)";
				SWIFT_OPTIMIZATION_LEVEL = "-Onone";
			};
			name = Debug;
		};
		B897F8B02C63F14900C80D88 /* Release */ = {
			isa = XCBuildConfiguration;
			buildSettings = {
				ALWAYS_SEARCH_USER_PATHS = NO;
				ASSETCATALOG_COMPILER_GENERATE_SWIFT_ASSET_SYMBOL_EXTENSIONS = YES;
				CLANG_ANALYZER_NONNULL = YES;
				CLANG_ANALYZER_NUMBER_OBJECT_CONVERSION = YES_AGGRESSIVE;
				CLANG_CXX_LANGUAGE_STANDARD = "gnu++20";
				CLANG_ENABLE_MODULES = YES;
				CLANG_ENABLE_OBJC_ARC = YES;
				CLANG_ENABLE_OBJC_WEAK = YES;
				CLANG_WARN_BLOCK_CAPTURE_AUTORELEASING = YES;
				CLANG_WARN_BOOL_CONVERSION = YES;
				CLANG_WARN_COMMA = YES;
				CLANG_WARN_CONSTANT_CONVERSION = YES;
				CLANG_WARN_DEPRECATED_OBJC_IMPLEMENTATIONS = YES;
				CLANG_WARN_DIRECT_OBJC_ISA_USAGE = YES_ERROR;
				CLANG_WARN_DOCUMENTATION_COMMENTS = YES;
				CLANG_WARN_EMPTY_BODY = YES;
				CLANG_WARN_ENUM_CONVERSION = YES;
				CLANG_WARN_INFINITE_RECURSION = YES;
				CLANG_WARN_INT_CONVERSION = YES;
				CLANG_WARN_NON_LITERAL_NULL_CONVERSION = YES;
				CLANG_WARN_OBJC_IMPLICIT_RETAIN_SELF = YES;
				CLANG_WARN_OBJC_LITERAL_CONVERSION = YES;
				CLANG_WARN_OBJC_ROOT_CLASS = YES_ERROR;
				CLANG_WARN_QUOTED_INCLUDE_IN_FRAMEWORK_HEADER = YES;
				CLANG_WARN_RANGE_LOOP_ANALYSIS = YES;
				CLANG_WARN_STRICT_PROTOTYPES = YES;
				CLANG_WARN_SUSPICIOUS_MOVE = YES;
				CLANG_WARN_UNGUARDED_AVAILABILITY = YES_AGGRESSIVE;
				CLANG_WARN_UNREACHABLE_CODE = YES;
				CLANG_WARN__DUPLICATE_METHOD_MATCH = YES;
				COPY_PHASE_STRIP = NO;
				DEBUG_INFORMATION_FORMAT = "dwarf-with-dsym";
				ENABLE_NS_ASSERTIONS = NO;
				ENABLE_STRICT_OBJC_MSGSEND = YES;
				ENABLE_USER_SCRIPT_SANDBOXING = YES;
				GCC_C_LANGUAGE_STANDARD = gnu17;
				GCC_NO_COMMON_BLOCKS = YES;
				GCC_WARN_64_TO_32_BIT_CONVERSION = YES;
				GCC_WARN_ABOUT_RETURN_TYPE = YES_ERROR;
				GCC_WARN_UNDECLARED_SELECTOR = YES;
				GCC_WARN_UNINITIALIZED_AUTOS = YES_AGGRESSIVE;
				GCC_WARN_UNUSED_FUNCTION = YES;
				GCC_WARN_UNUSED_VARIABLE = YES;
				IPHONEOS_DEPLOYMENT_TARGET = 17.5;
				LOCALIZATION_PREFERS_STRING_CATALOGS = YES;
				MTL_ENABLE_DEBUG_INFO = NO;
				MTL_FAST_MATH = YES;
				SDKROOT = iphoneos;
				SWIFT_COMPILATION_MODE = wholemodule;
				VALIDATE_PRODUCT = YES;
			};
			name = Release;
		};
		B897F8B22C63F14900C80D88 /* Debug */ = {
			isa = XCBuildConfiguration;
			buildSettings = {
				ASSETCATALOG_COMPILER_APPICON_NAME = AppIcon;
				ASSETCATALOG_COMPILER_GLOBAL_ACCENT_COLOR_NAME = AccentColor;
				CODE_SIGN_STYLE = Automatic;
				CURRENT_PROJECT_VERSION = 1;
				DEVELOPMENT_ASSET_PATHS = "\"weather/Preview Content\"";
				ENABLE_PREVIEWS = YES;
				GENERATE_INFOPLIST_FILE = YES;
				INFOPLIST_KEY_UIApplicationSceneManifest_Generation = YES;
				INFOPLIST_KEY_UIApplicationSupportsIndirectInputEvents = YES;
				INFOPLIST_KEY_UILaunchScreen_Generation = YES;
				INFOPLIST_KEY_UISupportedInterfaceOrientations_iPad = "UIInterfaceOrientationPortrait UIInterfaceOrientationPortraitUpsideDown UIInterfaceOrientationLandscapeLeft UIInterfaceOrientationLandscapeRight";
				INFOPLIST_KEY_UISupportedInterfaceOrientations_iPhone = "UIInterfaceOrientationPortrait UIInterfaceOrientationLandscapeLeft UIInterfaceOrientationLandscapeRight";
				LD_RUNPATH_SEARCH_PATHS = (
					"$(inherited)",
					"@executable_path/Frameworks",
				);
				MARKETING_VERSION = 1.0;
				PRODUCT_BUNDLE_IDENTIFIER = "lh-ltd.weather";
				PRODUCT_NAME = "$(TARGET_NAME)";
				SWIFT_EMIT_LOC_STRINGS = YES;
				SWIFT_VERSION = 5.0;
				TARGETED_DEVICE_FAMILY = "1,2";
			};
			name = Debug;
		};
		B897F8B32C63F14900C80D88 /* Release */ = {
			isa = XCBuildConfiguration;
			buildSettings = {
				ASSETCATALOG_COMPILER_APPICON_NAME = AppIcon;
				ASSETCATALOG_COMPILER_GLOBAL_ACCENT_COLOR_NAME = AccentColor;
				CODE_SIGN_STYLE = Automatic;
				CURRENT_PROJECT_VERSION = 1;
				DEVELOPMENT_ASSET_PATHS = "\"weather/Preview Content\"";
				ENABLE_PREVIEWS = YES;
				GENERATE_INFOPLIST_FILE = YES;
				INFOPLIST_KEY_UIApplicationSceneManifest_Generation = YES;
				INFOPLIST_KEY_UIApplicationSupportsIndirectInputEvents = YES;
				INFOPLIST_KEY_UILaunchScreen_Generation = YES;
				INFOPLIST_KEY_UISupportedInterfaceOrientations_iPad = "UIInterfaceOrientationPortrait UIInterfaceOrientationPortraitUpsideDown UIInterfaceOrientationLandscapeLeft UIInterfaceOrientationLandscapeRight";
				INFOPLIST_KEY_UISupportedInterfaceOrientations_iPhone = "UIInterfaceOrientationPortrait UIInterfaceOrientationLandscapeLeft UIInterfaceOrientationLandscapeRight";
				LD_RUNPATH_SEARCH_PATHS = (
					"$(inherited)",
					"@executable_path/Frameworks",
				);
				MARKETING_VERSION = 1.0;
				PRODUCT_BUNDLE_IDENTIFIER = "lh-ltd.weather";
				PRODUCT_NAME = "$(TARGET_NAME)";
				SWIFT_EMIT_LOC_STRINGS = YES;
				SWIFT_VERSION = 5.0;
				TARGETED_DEVICE_FAMILY = "1,2";
			};
			name = Release;
		};
		B897F8B52C63F14900C80D88 /* Debug */ = {
			isa = XCBuildConfiguration;
			buildSettings = {
				ALWAYS_EMBED_SWIFT_STANDARD_LIBRARIES = YES;
				BUNDLE_LOADER = "$(TEST_HOST)";
				CODE_SIGN_STYLE = Automatic;
				CURRENT_PROJECT_VERSION = 1;
				GENERATE_INFOPLIST_FILE = YES;
				IPHONEOS_DEPLOYMENT_TARGET = 17.5;
				MARKETING_VERSION = 1.0;
				PRODUCT_BUNDLE_IDENTIFIER = "lh-ltd.weatherTests";
				PRODUCT_NAME = "$(TARGET_NAME)";
				SWIFT_EMIT_LOC_STRINGS = NO;
				SWIFT_VERSION = 5.0;
				TARGETED_DEVICE_FAMILY = "1,2";
				TEST_HOST = "$(BUILT_PRODUCTS_DIR)/weather.app/$(BUNDLE_EXECUTABLE_FOLDER_PATH)/weather";
			};
			name = Debug;
		};
		B897F8B62C63F14900C80D88 /* Release */ = {
			isa = XCBuildConfiguration;
			buildSettings = {
				ALWAYS_EMBED_SWIFT_STANDARD_LIBRARIES = YES;
				BUNDLE_LOADER = "$(TEST_HOST)";
				CODE_SIGN_STYLE = Automatic;
				CURRENT_PROJECT_VERSION = 1;
				GENERATE_INFOPLIST_FILE = YES;
				IPHONEOS_DEPLOYMENT_TARGET = 17.5;
				MARKETING_VERSION = 1.0;
				PRODUCT_BUNDLE_IDENTIFIER = "lh-ltd.weatherTests";
				PRODUCT_NAME = "$(TARGET_NAME)";
				SWIFT_EMIT_LOC_STRINGS = NO;
				SWIFT_VERSION = 5.0;
				TARGETED_DEVICE_FAMILY = "1,2";
				TEST_HOST = "$(BUILT_PRODUCTS_DIR)/weather.app/$(BUNDLE_EXECUTABLE_FOLDER_PATH)/weather";
			};
			name = Release;
		};
		B897F8B82C63F14900C80D88 /* Debug */ = {
			isa = XCBuildConfiguration;
			buildSettings = {
				ALWAYS_EMBED_SWIFT_STANDARD_LIBRARIES = YES;
				CODE_SIGN_STYLE = Automatic;
				CURRENT_PROJECT_VERSION = 1;
				GENERATE_INFOPLIST_FILE = YES;
				MARKETING_VERSION = 1.0;
				PRODUCT_BUNDLE_IDENTIFIER = "lh-ltd.weatherUITests";
				PRODUCT_NAME = "$(TARGET_NAME)";
				SWIFT_EMIT_LOC_STRINGS = NO;
				SWIFT_VERSION = 5.0;
				TARGETED_DEVICE_FAMILY = "1,2";
				TEST_TARGET_NAME = weather;
			};
			name = Debug;
		};
		B897F8B92C63F14900C80D88 /* Release */ = {
			isa = XCBuildConfiguration;
			buildSettings = {
				ALWAYS_EMBED_SWIFT_STANDARD_LIBRARIES = YES;
				CODE_SIGN_STYLE = Automatic;
				CURRENT_PROJECT_VERSION = 1;
				GENERATE_INFOPLIST_FILE = YES;
				MARKETING_VERSION = 1.0;
				PRODUCT_BUNDLE_IDENTIFIER = "lh-ltd.weatherUITests";
				PRODUCT_NAME = "$(TARGET_NAME)";
				SWIFT_EMIT_LOC_STRINGS = NO;
				SWIFT_VERSION = 5.0;
				TARGETED_DEVICE_FAMILY = "1,2";
				TEST_TARGET_NAME = weather;
			};
			name = Release;
		};
/* End XCBuildConfiguration section */

/* Begin XCConfigurationList section */
		B897F8882C63F14700C80D88 /* Build configuration list for PBXProject "weather" */ = {
			isa = XCConfigurationList;
			buildConfigurations = (
				B897F8AF2C63F14900C80D88 /* Debug */,
				B897F8B02C63F14900C80D88 /* Release */,
			);
			defaultConfigurationIsVisible = 0;
			defaultConfigurationName = Release;
		};
		B897F8B12C63F14900C80D88 /* Build configuration list for PBXNativeTarget "weather" */ = {
			isa = XCConfigurationList;
			buildConfigurations = (
				B897F8B22C63F14900C80D88 /* Debug */,
				B897F8B32C63F14900C80D88 /* Release */,
			);
			defaultConfigurationIsVisible = 0;
			defaultConfigurationName = Release;
		};
		B897F8B42C63F14900C80D88 /* Build configuration list for PBXNativeTarget "weatherTests" */ = {
			isa = XCConfigurationList;
			buildConfigurations = (
				B897F8B52C63F14900C80D88 /* Debug */,
				B897F8B62C63F14900C80D88 /* Release */,
			);
			defaultConfigurationIsVisible = 0;
			defaultConfigurationName = Release;
		};
		B897F8B72C63F14900C80D88 /* Build configuration list for PBXNativeTarget "weatherUITests" */ = {
			isa = XCConfigurationList;
			buildConfigurations = (
				B897F8B82C63F14900C80D88 /* Debug */,
				B897F8B92C63F14900C80D88 /* Release */,
			);
			defaultConfigurationIsVisible = 0;
			defaultConfigurationName = Release;
		};
/* End XCConfigurationList section */

/* Begin XCRemoteSwiftPackageReference section */
		B897F8BA2C63FC2F00C80D88 /* XCRemoteSwiftPackageReference "Alamofire" */ = {
			isa = XCRemoteSwiftPackageReference;
			repositoryURL = "https://github.com/Alamofire/Alamofire";
			requirement = {
				kind = upToNextMajorVersion;
				minimumVersion = 5.9.1;
			};
		};
		B897F8BB2C63FD2400C80D88 /* XCRemoteSwiftPackageReference "realm-swift" */ = {
			isa = XCRemoteSwiftPackageReference;
			repositoryURL = "https://github.com/realm/realm-swift";
			requirement = {
				branch = master;
				kind = branch;
			};
		};
		B897F8BC2C63FDB400C80D88 /* XCRemoteSwiftPackageReference "lottie-ios" */ = {
			isa = XCRemoteSwiftPackageReference;
			repositoryURL = "https://github.com/airbnb/lottie-ios";
			requirement = {
				kind = upToNextMajorVersion;
				minimumVersion = 4.5.0;
			};
		};
/* End XCRemoteSwiftPackageReference section */
	};
	rootObject = B897F8852C63F14700C80D88 /* Project object */;
}
